
Microsoft Visual Studio Solution File, Format Version 12.00
# Visual Studio Version 16
VisualStudioVersion = 16.0.28803.202
MinimumVisualStudioVersion = 10.0.40219.1
Project("{8BC9CEB8-8B4A-11D0-8D11-00A0C91BC942}") = "ascii_roguelike_game", "ascii_roguelike_game.vcxproj", "{4608B2BD-1392-4FA4-817B-A56BFAF93E94}"
EndProject
Global
	GlobalSection(SolutionConfigurationPlatforms) = preSolution
		Debug|x64 = Debug|x64
		Debug|x86 = Debug|x86
		Release|x64 = Release|x64
		Release|x86 = Release|x86
	EndGlobalSection
	GlobalSection(ProjectConfigurationPlatforms) = postSolution
		{4608B2BD-1392-4FA4-817B-A56BFAF93E94}.Debug|x64.ActiveCfg = Debug|x64
		{4608B2BD-1392-4FA4-817B-A56BFAF93E94}.Debug|x64.Build.0 = Debug|x64
		{4608B2BD-1392-4FA4-817B-A56BFAF93E94}.Debug|x86.ActiveCfg = Debug|Win32
		{4608B2BD-1392-4FA4-817B-A56BFAF93E94}.Debug|x86.Build.0 = Debug|Win32
		{4608B2BD-1392-4FA4-817B-A56BFAF93E94}.Release|x64.ActiveCfg = Release|x64
		{4608B2BD-1392-4FA4-817B-A56BFAF93E94}.Release|x64.Build.0 = Release|x64
		{4608B2BD-1392-4FA4-817B-A56BFAF93E94}.Release|x86.ActiveCfg = Release|Win32
		{4608B2BD-1392-4FA4-817B-A56BFAF93E94}.Release|x86.Build.0 = Release|Win32
	EndGlobalSection
	GlobalSection(SolutionProperties) = preSolution
		HideSolutionNode = FALSE
	EndGlobalSection
	GlobalSection(ExtensibilityGlobals) = postSolution
		SolutionGuid = {50C33852-A68A-4166-9F72-D616C0B7CF3B}
	EndGlobalSection
EndGlobal
